
Microsoft Visual Studio Solution File, Format Version 12.00
# Visual Studio Version 16
VisualStudioVersion = 16.0.30907.101
MinimumVisualStudioVersion = 10.0.40219.1
Project("{FAE04EC0-301F-11D3-BF4B-00C04F79EFBC}") = "cadastroClientes", "cadastroClientes.csproj", "{15E481A0-BDBC-4C06-BD0F-5962A0F19920}"
EndProject
Global
	GlobalSection(SolutionConfigurationPlatforms) = preSolution
		Debug|Any CPU = Debug|Any CPU
		Release|Any CPU = Release|Any CPU
	EndGlobalSection
	GlobalSection(ProjectConfigurationPlatforms) = postSolution
		{15E481A0-BDBC-4C06-BD0F-5962A0F19920}.Debug|Any CPU.ActiveCfg = Debug|Any CPU
		{15E481A0-BDBC-4C06-BD0F-5962A0F19920}.Debug|Any CPU.Build.0 = Debug|Any CPU
		{15E481A0-BDBC-4C06-BD0F-5962A0F19920}.Release|Any CPU.ActiveCfg = Release|Any CPU
		{15E481A0-BDBC-4C06-BD0F-5962A0F19920}.Release|Any CPU.Build.0 = Release|Any CPU
	EndGlobalSection
	GlobalSection(SolutionProperties) = preSolution
		HideSolutionNode = FALSE
	EndGlobalSection
	GlobalSection(ExtensibilityGlobals) = postSolution
		SolutionGuid = {138F2AA6-6D05-4FF1-B61A-B814A78F8065}
	EndGlobalSection
EndGlobal
